
Microsoft Visual Studio Solution File, Format Version 12.00
# Visual Studio Version 16
VisualStudioVersion = 16.0.30717.126
MinimumVisualStudioVersion = 10.0.40219.1
Project("{2150E333-8FDC-42A3-9474-1A3956D46DE8}") = "2 - Domain", "2 - Domain", "{340449BD-2E98-4096-A19F-3D8DFC1B01A1}"
EndProject
Project("{9A19103F-16F7-4668-BE54-9A1E7A4F7556}") = "Julius.Domain", "Julius.Domain\Julius.Domain.csproj", "{117690CA-E421-479C-BFCB-FA2CB32E9503}"
EndProject
Project("{2150E333-8FDC-42A3-9474-1A3956D46DE8}") = "4.2 - Data", "4.2 - Data", "{978AF6BA-5AB1-4075-A44D-203FA9DAEC4B}"
EndProject
Project("{9A19103F-16F7-4668-BE54-9A1E7A4F7556}") = "Julius.Data", "Julius.Data\Julius.Data.csproj", "{BD44CA7A-622A-490D-9CB4-1A903014A457}"
EndProject
Project("{2150E333-8FDC-42A3-9474-1A3956D46DE8}") = "4 - Infra", "4 - Infra", "{E9288844-96D9-408C-A949-C53FB39DA5A3}"
EndProject
Project("{2150E333-8FDC-42A3-9474-1A3956D46DE8}") = "4.1 - Cross Cutting", "4.1 - Cross Cutting", "{42584CE8-FAEE-4618-B381-4D9F6DB6F7C2}"
EndProject
Project("{FAE04EC0-301F-11D3-BF4B-00C04F79EFBC}") = "Julius.CrossCutting", "Julius.CrossCutting\Julius.CrossCutting.csproj", "{C3C0C4AF-97E4-4055-BC67-48442B530D66}"
EndProject
Project("{2150E333-8FDC-42A3-9474-1A3956D46DE8}") = "3 - Service", "3 - Service", "{FE325257-DC82-4CD5-80C6-6F30CBA50C81}"
EndProject
Project("{FAE04EC0-301F-11D3-BF4B-00C04F79EFBC}") = "Julius.Service", "Julius.Service\Julius.Service.csproj", "{F163B084-9090-45F5-BD38-F7751910D335}"
EndProject
Project("{2150E333-8FDC-42A3-9474-1A3956D46DE8}") = "1 - Application", "1 - Application", "{7B9275A0-0914-4459-B95C-E0AFD3CC8832}"
EndProject
Project("{FAE04EC0-301F-11D3-BF4B-00C04F79EFBC}") = "Julius.Application", "Julius.Application\Julius.Application.csproj", "{F3DB57D8-6C63-423A-95CE-3C742D6DDF59}"
EndProject
Global
	GlobalSection(SolutionConfigurationPlatforms) = preSolution
		Debug|Any CPU = Debug|Any CPU
		Release|Any CPU = Release|Any CPU
	EndGlobalSection
	GlobalSection(ProjectConfigurationPlatforms) = postSolution
		{117690CA-E421-479C-BFCB-FA2CB32E9503}.Debug|Any CPU.ActiveCfg = Debug|Any CPU
		{117690CA-E421-479C-BFCB-FA2CB32E9503}.Debug|Any CPU.Build.0 = Debug|Any CPU
		{117690CA-E421-479C-BFCB-FA2CB32E9503}.Release|Any CPU.ActiveCfg = Release|Any CPU
		{117690CA-E421-479C-BFCB-FA2CB32E9503}.Release|Any CPU.Build.0 = Release|Any CPU
		{BD44CA7A-622A-490D-9CB4-1A903014A457}.Debug|Any CPU.ActiveCfg = Debug|Any CPU
		{BD44CA7A-622A-490D-9CB4-1A903014A457}.Debug|Any CPU.Build.0 = Debug|Any CPU
		{BD44CA7A-622A-490D-9CB4-1A903014A457}.Release|Any CPU.ActiveCfg = Release|Any CPU
		{BD44CA7A-622A-490D-9CB4-1A903014A457}.Release|Any CPU.Build.0 = Release|Any CPU
		{C3C0C4AF-97E4-4055-BC67-48442B530D66}.Debug|Any CPU.ActiveCfg = Debug|Any CPU
		{C3C0C4AF-97E4-4055-BC67-48442B530D66}.Debug|Any CPU.Build.0 = Debug|Any CPU
		{C3C0C4AF-97E4-4055-BC67-48442B530D66}.Release|Any CPU.ActiveCfg = Release|Any CPU
		{C3C0C4AF-97E4-4055-BC67-48442B530D66}.Release|Any CPU.Build.0 = Release|Any CPU
		{F163B084-9090-45F5-BD38-F7751910D335}.Debug|Any CPU.ActiveCfg = Debug|Any CPU
		{F163B084-9090-45F5-BD38-F7751910D335}.Debug|Any CPU.Build.0 = Debug|Any CPU
		{F163B084-9090-45F5-BD38-F7751910D335}.Release|Any CPU.ActiveCfg = Release|Any CPU
		{F163B084-9090-45F5-BD38-F7751910D335}.Release|Any CPU.Build.0 = Release|Any CPU
		{F3DB57D8-6C63-423A-95CE-3C742D6DDF59}.Debug|Any CPU.ActiveCfg = Debug|Any CPU
		{F3DB57D8-6C63-423A-95CE-3C742D6DDF59}.Debug|Any CPU.Build.0 = Debug|Any CPU
		{F3DB57D8-6C63-423A-95CE-3C742D6DDF59}.Release|Any CPU.ActiveCfg = Release|Any CPU
		{F3DB57D8-6C63-423A-95CE-3C742D6DDF59}.Release|Any CPU.Build.0 = Release|Any CPU
	EndGlobalSection
	GlobalSection(SolutionProperties) = preSolution
		HideSolutionNode = FALSE
	EndGlobalSection
	GlobalSection(NestedProjects) = preSolution
		{117690CA-E421-479C-BFCB-FA2CB32E9503} = {340449BD-2E98-4096-A19F-3D8DFC1B01A1}
		{978AF6BA-5AB1-4075-A44D-203FA9DAEC4B} = {E9288844-96D9-408C-A949-C53FB39DA5A3}
		{BD44CA7A-622A-490D-9CB4-1A903014A457} = {978AF6BA-5AB1-4075-A44D-203FA9DAEC4B}
		{42584CE8-FAEE-4618-B381-4D9F6DB6F7C2} = {E9288844-96D9-408C-A949-C53FB39DA5A3}
		{C3C0C4AF-97E4-4055-BC67-48442B530D66} = {42584CE8-FAEE-4618-B381-4D9F6DB6F7C2}
		{F163B084-9090-45F5-BD38-F7751910D335} = {FE325257-DC82-4CD5-80C6-6F30CBA50C81}
		{F3DB57D8-6C63-423A-95CE-3C742D6DDF59} = {7B9275A0-0914-4459-B95C-E0AFD3CC8832}
	EndGlobalSection
	GlobalSection(ExtensibilityGlobals) = postSolution
		SolutionGuid = {F2C11AD9-4FF8-4C7C-8A41-06C274455C52}
	EndGlobalSection
EndGlobal
